
Microsoft Visual Studio Solution File, Format Version 12.00
# Visual Studio 2017
Project("{FAE04EC0-301F-11D3-BF4B-00C04F79EFBC}") = "ARJewellery", "ARJewellery.csproj", "{BAA3FAD7-2383-3660-B3E8-F653CABBDABB}"
EndProject
Project("{FAE04EC0-301F-11D3-BF4B-00C04F79EFBC}") = "ARJewellery.Editor", "ARJewellery.Editor.csproj", "{C218EEEC-34E1-8AB2-A01A-D5B7992D3AD4}"
EndProject
Global
	GlobalSection(SolutionConfigurationPlatforms) = preSolution
		Debug|Any CPU = Debug|Any CPU
		Release|Any CPU = Release|Any CPU
	EndGlobalSection
	GlobalSection(ProjectConfigurationPlatforms) = postSolution
		{BAA3FAD7-2383-3660-B3E8-F653CABBDABB}.Debug|Any CPU.ActiveCfg = Debug|Any CPU
		{BAA3FAD7-2383-3660-B3E8-F653CABBDABB}.Debug|Any CPU.Build.0 = Debug|Any CPU
		{BAA3FAD7-2383-3660-B3E8-F653CABBDABB}.Release|Any CPU.ActiveCfg = Release|Any CPU
		{BAA3FAD7-2383-3660-B3E8-F653CABBDABB}.Release|Any CPU.Build.0 = Release|Any CPU
		{C218EEEC-34E1-8AB2-A01A-D5B7992D3AD4}.Debug|Any CPU.ActiveCfg = Debug|Any CPU
		{C218EEEC-34E1-8AB2-A01A-D5B7992D3AD4}.Debug|Any CPU.Build.0 = Debug|Any CPU
		{C218EEEC-34E1-8AB2-A01A-D5B7992D3AD4}.Release|Any CPU.ActiveCfg = Release|Any CPU
		{C218EEEC-34E1-8AB2-A01A-D5B7992D3AD4}.Release|Any CPU.Build.0 = Release|Any CPU
	EndGlobalSection
	GlobalSection(SolutionProperties) = preSolution
		HideSolutionNode = FALSE
	EndGlobalSection
EndGlobal
